// !$*UTF8*$!
{
	archiveVersion = 1;
	classes = {
	};
	objectVersion = 50;
	objects = {

/* Begin PBXBuildFile section */
		43045FB5255C147A007B323E /* FontProperties.swift in Sources */ = {isa = PBXBuildFile; fileRef = 43045FB4255C147A007B323E /* FontProperties.swift */; };
		43045FB9255C5DDB007B323E /* FinishedMeme.swift in Sources */ = {isa = PBXBuildFile; fileRef = 43045FB8255C5DDB007B323E /* FinishedMeme.swift */; };
		43071EB4256AEC7700F9A6C7 /* CollectionViewCell.swift in Sources */ = {isa = PBXBuildFile; fileRef = 43071EB3256AEC7700F9A6C7 /* CollectionViewCell.swift */; };
		43071EB7256AF1EA00F9A6C7 /* TableViewCell.swift in Sources */ = {isa = PBXBuildFile; fileRef = 43071EB6256AF1EA00F9A6C7 /* TableViewCell.swift */; };
		433FD6A625698F55008FCC30 /* Constants.swift in Sources */ = {isa = PBXBuildFile; fileRef = 433FD6A525698F55008FCC30 /* Constants.swift */; };
		433FD6AA25699202008FCC30 /* TableViewSelectorController.swift in Sources */ = {isa = PBXBuildFile; fileRef = 433FD6A925699202008FCC30 /* TableViewSelectorController.swift */; };
		433FD6B12569A318008FCC30 /* CollectionViewSelectorController.swift in Sources */ = {isa = PBXBuildFile; fileRef = 433FD6B02569A318008FCC30 /* CollectionViewSelectorController.swift */; };
		43C033742552E571008C5340 /* AppDelegate.swift in Sources */ = {isa = PBXBuildFile; fileRef = 43C033732552E571008C5340 /* AppDelegate.swift */; };
		43C033762552E571008C5340 /* SceneDelegate.swift in Sources */ = {isa = PBXBuildFile; fileRef = 43C033752552E571008C5340 /* SceneDelegate.swift */; };
		43C033782552E571008C5340 /* EditorViewController.swift in Sources */ = {isa = PBXBuildFile; fileRef = 43C033772552E571008C5340 /* EditorViewController.swift */; };
		43C0337B2552E571008C5340 /* Main.storyboard in Resources */ = {isa = PBXBuildFile; fileRef = 43C033792552E571008C5340 /* Main.storyboard */; };
		43C0337D2552E572008C5340 /* Assets.xcassets in Resources */ = {isa = PBXBuildFile; fileRef = 43C0337C2552E572008C5340 /* Assets.xcassets */; };
		43C033802552E572008C5340 /* LaunchScreen.storyboard in Resources */ = {isa = PBXBuildFile; fileRef = 43C0337E2552E572008C5340 /* LaunchScreen.storyboard */; };
/* End PBXBuildFile section */

/* Begin PBXFileReference section */
		43045FB4255C147A007B323E /* FontProperties.swift */ = {isa = PBXFileReference; lastKnownFileType = sourcecode.swift; path = FontProperties.swift; sourceTree = "<group>"; };
		43045FB8255C5DDB007B323E /* FinishedMeme.swift */ = {isa = PBXFileReference; lastKnownFileType = sourcecode.swift; path = FinishedMeme.swift; sourceTree = "<group>"; };
		43071EB3256AEC7700F9A6C7 /* CollectionViewCell.swift */ = {isa = PBXFileReference; lastKnownFileType = sourcecode.swift; path = CollectionViewCell.swift; sourceTree = "<group>"; };
		43071EB6256AF1EA00F9A6C7 /* TableViewCell.swift */ = {isa = PBXFileReference; lastKnownFileType = sourcecode.swift; path = TableViewCell.swift; sourceTree = "<group>"; };
		433FD6A525698F55008FCC30 /* Constants.swift */ = {isa = PBXFileReference; lastKnownFileType = sourcecode.swift; path = Constants.swift; sourceTree = "<group>"; };
		433FD6A925699202008FCC30 /* TableViewSelectorController.swift */ = {isa = PBXFileReference; lastKnownFileType = sourcecode.swift; path = TableViewSelectorController.swift; sourceTree = "<group>"; };
		433FD6B02569A318008FCC30 /* CollectionViewSelectorController.swift */ = {isa = PBXFileReference; lastKnownFileType = sourcecode.swift; path = CollectionViewSelectorController.swift; sourceTree = "<group>"; };
		43C033702552E571008C5340 /* MemeMe.app */ = {isa = PBXFileReference; explicitFileType = wrapper.application; includeInIndex = 0; path = MemeMe.app; sourceTree = BUILT_PRODUCTS_DIR; };
		43C033732552E571008C5340 /* AppDelegate.swift */ = {isa = PBXFileReference; lastKnownFileType = sourcecode.swift; path = AppDelegate.swift; sourceTree = "<group>"; };
		43C033752552E571008C5340 /* SceneDelegate.swift */ = {isa = PBXFileReference; lastKnownFileType = sourcecode.swift; path = SceneDelegate.swift; sourceTree = "<group>"; };
		43C033772552E571008C5340 /* EditorViewController.swift */ = {isa = PBXFileReference; lastKnownFileType = sourcecode.swift; path = EditorViewController.swift; sourceTree = "<group>"; };
		43C0337A2552E571008C5340 /* Base */ = {isa = PBXFileReference; lastKnownFileType = file.storyboard; name = Base; path = Base.lproj/Main.storyboard; sourceTree = "<group>"; };
		43C0337C2552E572008C5340 /* Assets.xcassets */ = {isa = PBXFileReference; lastKnownFileType = folder.assetcatalog; path = Assets.xcassets; sourceTree = "<group>"; };
		43C0337F2552E572008C5340 /* Base */ = {isa = PBXFileReference; lastKnownFileType = file.storyboard; name = Base; path = Base.lproj/LaunchScreen.storyboard; sourceTree = "<group>"; };
		43C033812552E572008C5340 /* Info.plist */ = {isa = PBXFileReference; lastKnownFileType = text.plist.xml; path = Info.plist; sourceTree = "<group>"; };
/* End PBXFileReference section */

/* Begin PBXFrameworksBuildPhase section */
		43C0336D2552E571008C5340 /* Frameworks */ = {
			isa = PBXFrameworksBuildPhase;
			buildActionMask = 2147483647;
			files = (
			);
			runOnlyForDeploymentPostprocessing = 0;
		};
/* End PBXFrameworksBuildPhase section */

/* Begin PBXGroup section */
		43071EAA256AA2DE00F9A6C7 /* Delegates */ = {
			isa = PBXGroup;
			children = (
				43C033732552E571008C5340 /* AppDelegate.swift */,
				43C033752552E571008C5340 /* SceneDelegate.swift */,
			);
			path = Delegates;
			sourceTree = "<group>";
		};
		43071EAC256AA2F400F9A6C7 /* View */ = {
			isa = PBXGroup;
			children = (
				43C033792552E571008C5340 /* Main.storyboard */,
			);
			path = View;
			sourceTree = "<group>";
		};
		43071EAD256AA2FD00F9A6C7 /* Model */ = {
			isa = PBXGroup;
			children = (
				43045FB4255C147A007B323E /* FontProperties.swift */,
				43045FB8255C5DDB007B323E /* FinishedMeme.swift */,
				43071EB3256AEC7700F9A6C7 /* CollectionViewCell.swift */,
				43071EB6256AF1EA00F9A6C7 /* TableViewCell.swift */,
			);
			path = Model;
			sourceTree = "<group>";
		};
		433FD6AD25699279008FCC30 /* Controller */ = {
			isa = PBXGroup;
			children = (
				433FD6A925699202008FCC30 /* TableViewSelectorController.swift */,
				43C033772552E571008C5340 /* EditorViewController.swift */,
				433FD6B02569A318008FCC30 /* CollectionViewSelectorController.swift */,
			);
			path = Controller;
			sourceTree = "<group>";
		};
		43C033672552E571008C5340 = {
			isa = PBXGroup;
			children = (
				43C033722552E571008C5340 /* MemeMe */,
				43C033712552E571008C5340 /* Products */,
			);
			sourceTree = "<group>";
		};
		43C033712552E571008C5340 /* Products */ = {
			isa = PBXGroup;
			children = (
				43C033702552E571008C5340 /* MemeMe.app */,
			);
			name = Products;
			sourceTree = "<group>";
		};
		43C033722552E571008C5340 /* MemeMe */ = {
			isa = PBXGroup;
			children = (
				433FD6A525698F55008FCC30 /* Constants.swift */,
				43071EAA256AA2DE00F9A6C7 /* Delegates */,
				43071EAD256AA2FD00F9A6C7 /* Model */,
				433FD6AD25699279008FCC30 /* Controller */,
				43071EAC256AA2F400F9A6C7 /* View */,
				43C0337C2552E572008C5340 /* Assets.xcassets */,
				43C0337E2552E572008C5340 /* LaunchScreen.storyboard */,
				43C033812552E572008C5340 /* Info.plist */,
			);
			path = MemeMe;
			sourceTree = "<group>";
		};
/* End PBXGroup section */

/* Begin PBXNativeTarget section */
		43C0336F2552E571008C5340 /* MemeMe */ = {
			isa = PBXNativeTarget;
			buildConfigurationList = 43C033842552E572008C5340 /* Build configuration list for PBXNativeTarget "MemeMe" */;
			buildPhases = (
				43C0336C2552E571008C5340 /* Sources */,
				43C0336D2552E571008C5340 /* Frameworks */,
				43C0336E2552E571008C5340 /* Resources */,
			);
			buildRules = (
			);
			dependencies = (
			);
			name = MemeMe;
			productName = MemeMe;
			productReference = 43C033702552E571008C5340 /* MemeMe.app */;
			productType = "com.apple.product-type.application";
		};
/* End PBXNativeTarget section */

/* Begin PBXProject section */
		43C033682552E571008C5340 /* Project object */ = {
			isa = PBXProject;
			attributes = {
				LastSwiftUpdateCheck = 1210;
				LastUpgradeCheck = 1210;
				TargetAttributes = {
					43C0336F2552E571008C5340 = {
						CreatedOnToolsVersion = 12.1;
					};
				};
			};
			buildConfigurationList = 43C0336B2552E571008C5340 /* Build configuration list for PBXProject "MemeMe" */;
			compatibilityVersion = "Xcode 9.3";
			developmentRegion = en;
			hasScannedForEncodings = 0;
			knownRegions = (
				en,
				Base,
			);
			mainGroup = 43C033672552E571008C5340;
			productRefGroup = 43C033712552E571008C5340 /* Products */;
			projectDirPath = "";
			projectRoot = "";
			targets = (
				43C0336F2552E571008C5340 /* MemeMe */,
			);
		};
/* End PBXProject section */

/* Begin PBXResourcesBuildPhase section */
		43C0336E2552E571008C5340 /* Resources */ = {
			isa = PBXResourcesBuildPhase;
			buildActionMask = 2147483647;
			files = (
				43C033802552E572008C5340 /* LaunchScreen.storyboard in Resources */,
				43C0337D2552E572008C5340 /* Assets.xcassets in Resources */,
				43C0337B2552E571008C5340 /* Main.storyboard in Resources */,
			);
			runOnlyForDeploymentPostprocessing = 0;
		};
/* End PBXResourcesBuildPhase section */

/* Begin PBXSourcesBuildPhase section */
		43C0336C2552E571008C5340 /* Sources */ = {
			isa = PBXSourcesBuildPhase;
			buildActionMask = 2147483647;
			files = (
				43C033782552E571008C5340 /* EditorViewController.swift in Sources */,
				43C033742552E571008C5340 /* AppDelegate.swift in Sources */,
				43071EB4256AEC7700F9A6C7 /* CollectionViewCell.swift in Sources */,
				43C033762552E571008C5340 /* SceneDelegate.swift in Sources */,
				43045FB5255C147A007B323E /* FontProperties.swift in Sources */,
				43071EB7256AF1EA00F9A6C7 /* TableViewCell.swift in Sources */,
				433FD6AA25699202008FCC30 /* TableViewSelectorController.swift in Sources */,
				433FD6B12569A318008FCC30 /* CollectionViewSelectorController.swift in Sources */,
				43045FB9255C5DDB007B323E /* FinishedMeme.swift in Sources */,
				433FD6A625698F55008FCC30 /* Constants.swift in Sources */,
			);
			runOnlyForDeploymentPostprocessing = 0;
		};
/* End PBXSourcesBuildPhase section */

/* Begin PBXVariantGroup section */
		43C033792552E571008C5340 /* Main.storyboard */ = {
			isa = PBXVariantGroup;
			children = (
				43C0337A2552E571008C5340 /* Base */,
			);
			name = Main.storyboard;
			sourceTree = "<group>";
		};
		43C0337E2552E572008C5340 /* LaunchScreen.storyboard */ = {
			isa = PBXVariantGroup;
			children = (
				43C0337F2552E572008C5340 /* Base */,
			);
			name = LaunchScreen.storyboard;
			sourceTree = "<group>";
		};
/* End PBXVariantGroup section */

/* Begin XCBuildConfiguration section */
		43C033822552E572008C5340 /* Debug */ = {
			isa = XCBuildConfiguration;
			buildSettings = {
				ALWAYS_SEARCH_USER_PATHS = NO;
				CLANG_ANALYZER_NONNULL = YES;
				CLANG_ANALYZER_NUMBER_OBJECT_CONVERSION = YES_AGGRESSIVE;
				CLANG_CXX_LANGUAGE_STANDARD = "gnu++14";
				CLANG_CXX_LIBRARY = "libc++";
				CLANG_ENABLE_MODULES = YES;
				CLANG_ENABLE_OBJC_ARC = YES;
				CLANG_ENABLE_OBJC_WEAK = YES;
				CLANG_WARN_BLOCK_CAPTURE_AUTORELEASING = YES;
				CLANG_WARN_BOOL_CONVERSION = YES;
				CLANG_WARN_COMMA = YES;
				CLANG_WARN_CONSTANT_CONVERSION = YES;
				CLANG_WARN_DEPRECATED_OBJC_IMPLEMENTATIONS = YES;
				CLANG_WARN_DIRECT_OBJC_ISA_USAGE = YES_ERROR;
				CLANG_WARN_DOCUMENTATION_COMMENTS = YES;
				CLANG_WARN_EMPTY_BODY = YES;
				CLANG_WARN_ENUM_CONVERSION = YES;
				CLANG_WARN_INFINITE_RECURSION = YES;
				CLANG_WARN_INT_CONVERSION = YES;
				CLANG_WARN_NON_LITERAL_NULL_CONVERSION = YES;
				CLANG_WARN_OBJC_IMPLICIT_RETAIN_SELF = YES;
				CLANG_WARN_OBJC_LITERAL_CONVERSION = YES;
				CLANG_WARN_OBJC_ROOT_CLASS = YES_ERROR;
				CLANG_WARN_QUOTED_INCLUDE_IN_FRAMEWORK_HEADER = YES;
				CLANG_WARN_RANGE_LOOP_ANALYSIS = YES;
				CLANG_WARN_STRICT_PROTOTYPES = YES;
				CLANG_WARN_SUSPICIOUS_MOVE = YES;
				CLANG_WARN_UNGUARDED_AVAILABILITY = YES_AGGRESSIVE;
				CLANG_WARN_UNREACHABLE_CODE = YES;
				CLANG_WARN__DUPLICATE_METHOD_MATCH = YES;
				COPY_PHASE_STRIP = NO;
				DEBUG_INFORMATION_FORMAT = dwarf;
				ENABLE_STRICT_OBJC_MSGSEND = YES;
				ENABLE_TESTABILITY = YES;
				GCC_C_LANGUAGE_STANDARD = gnu11;
				GCC_DYNAMIC_NO_PIC = NO;
				GCC_NO_COMMON_BLOCKS = YES;
				GCC_OPTIMIZATION_LEVEL = 0;
				GCC_PREPROCESSOR_DEFINITIONS = (
					"DEBUG=1",
					"$(inherited)",
				);
				GCC_WARN_64_TO_32_BIT_CONVERSION = YES;
				GCC_WARN_ABOUT_RETURN_TYPE = YES_ERROR;
				GCC_WARN_UNDECLARED_SELECTOR = YES;
				GCC_WARN_UNINITIALIZED_AUTOS = YES_AGGRESSIVE;
				GCC_WARN_UNUSED_FUNCTION = YES;
				GCC_WARN_UNUSED_VARIABLE = YES;
				IPHONEOS_DEPLOYMENT_TARGET = 14.1;
				MTL_ENABLE_DEBUG_INFO = INCLUDE_SOURCE;
				MTL_FAST_MATH = YES;
				ONLY_ACTIVE_ARCH = YES;
				SDKROOT = iphoneos;
				SWIFT_ACTIVE_COMPILATION_CONDITIONS = DEBUG;
				SWIFT_OPTIMIZATION_LEVEL = "-Onone";
			};
			name = Debug;
		};
		43C033832552E572008C5340 /* Release */ = {
			isa = XCBuildConfiguration;
			buildSettings = {
				ALWAYS_SEARCH_USER_PATHS = NO;
				CLANG_ANALYZER_NONNULL = YES;
				CLANG_ANALYZER_NUMBER_OBJECT_CONVERSION = YES_AGGRESSIVE;
				CLANG_CXX_LANGUAGE_STANDARD = "gnu++14";
				CLANG_CXX_LIBRARY = "libc++";
				CLANG_ENABLE_MODULES = YES;
				CLANG_ENABLE_OBJC_ARC = YES;
				CLANG_ENABLE_OBJC_WEAK = YES;
				CLANG_WARN_BLOCK_CAPTURE_AUTORELEASING = YES;
				CLANG_WARN_BOOL_CONVERSION = YES;
				CLANG_WARN_COMMA = YES;
				CLANG_WARN_CONSTANT_CONVERSION = YES;
				CLANG_WARN_DEPRECATED_OBJC_IMPLEMENTATIONS = YES;
				CLANG_WARN_DIRECT_OBJC_ISA_USAGE = YES_ERROR;
				CLANG_WARN_DOCUMENTATION_COMMENTS = YES;
				CLANG_WARN_EMPTY_BODY = YES;
				CLANG_WARN_ENUM_CONVERSION = YES;
				CLANG_WARN_INFINITE_RECURSION = YES;
				CLANG_WARN_INT_CONVERSION = YES;
				CLANG_WARN_NON_LITERAL_NULL_CONVERSION = YES;
				CLANG_WARN_OBJC_IMPLICIT_RETAIN_SELF = YES;
				CLANG_WARN_OBJC_LITERAL_CONVERSION = YES;
				CLANG_WARN_OBJC_ROOT_CLASS = YES_ERROR;
				CLANG_WARN_QUOTED_INCLUDE_IN_FRAMEWORK_HEADER = YES;
				CLANG_WARN_RANGE_LOOP_ANALYSIS = YES;
				CLANG_WARN_STRICT_PROTOTYPES = YES;
				CLANG_WARN_SUSPICIOUS_MOVE = YES;
				CLANG_WARN_UNGUARDED_AVAILABILITY = YES_AGGRESSIVE;
				CLANG_WARN_UNREACHABLE_CODE = YES;
				CLANG_WARN__DUPLICATE_METHOD_MATCH = YES;
				COPY_PHASE_STRIP = NO;
				DEBUG_INFORMATION_FORMAT = "dwarf-with-dsym";
				ENABLE_NS_ASSERTIONS = NO;
				ENABLE_STRICT_OBJC_MSGSEND = YES;
				GCC_C_LANGUAGE_STANDARD = gnu11;
				GCC_NO_COMMON_BLOCKS = YES;
				GCC_WARN_64_TO_32_BIT_CONVERSION = YES;
				GCC_WARN_ABOUT_RETURN_TYPE = YES_ERROR;
				GCC_WARN_UNDECLARED_SELECTOR = YES;
				GCC_WARN_UNINITIALIZED_AUTOS = YES_AGGRESSIVE;
				GCC_WARN_UNUSED_FUNCTION = YES;
				GCC_WARN_UNUSED_VARIABLE = YES;
				IPHONEOS_DEPLOYMENT_TARGET = 14.1;
				MTL_ENABLE_DEBUG_INFO = NO;
				MTL_FAST_MATH = YES;
				SDKROOT = iphoneos;
				SWIFT_COMPILATION_MODE = wholemodule;
				SWIFT_OPTIMIZATION_LEVEL = "-O";
				VALIDATE_PRODUCT = YES;
			};
			name = Release;
		};
		43C033852552E572008C5340 /* Debug */ = {
			isa = XCBuildConfiguration;
			buildSettings = {
				ASSETCATALOG_COMPILER_APPICON_NAME = AppIcon;
				ASSETCATALOG_COMPILER_GLOBAL_ACCENT_COLOR_NAME = AccentColor;
				CODE_SIGN_STYLE = Automatic;
				INFOPLIST_FILE = MemeMe/Info.plist;
				LD_RUNPATH_SEARCH_PATHS = (
					"$(inherited)",
					"@executable_path/Frameworks",
				);
				PRODUCT_BUNDLE_IDENTIFIER = com.katharinamuellek.MemeMe;
				PRODUCT_NAME = "$(TARGET_NAME)";
				SWIFT_VERSION = 5.0;
				TARGETED_DEVICE_FAMILY = "1,2";
			};
			name = Debug;
		};
		43C033862552E572008C5340 /* Release */ = {
			isa = XCBuildConfiguration;
			buildSettings = {
				ASSETCATALOG_COMPILER_APPICON_NAME = AppIcon;
				ASSETCATALOG_COMPILER_GLOBAL_ACCENT_COLOR_NAME = AccentColor;
				CODE_SIGN_STYLE = Automatic;
				INFOPLIST_FILE = MemeMe/Info.plist;
				LD_RUNPATH_SEARCH_PATHS = (
					"$(inherited)",
					"@executable_path/Frameworks",
				);
				PRODUCT_BUNDLE_IDENTIFIER = com.katharinamuellek.MemeMe;
				PRODUCT_NAME = "$(TARGET_NAME)";
				SWIFT_VERSION = 5.0;
				TARGETED_DEVICE_FAMILY = "1,2";
			};
			name = Release;
		};
/* End XCBuildConfiguration section */

/* Begin XCConfigurationList section */
		43C0336B2552E571008C5340 /* Build configuration list for PBXProject "MemeMe" */ = {
			isa = XCConfigurationList;
			buildConfigurations = (
				43C033822552E572008C5340 /* Debug */,
				43C033832552E572008C5340 /* Release */,
			);
			defaultConfigurationIsVisible = 0;
			defaultConfigurationName = Release;
		};
		43C033842552E572008C5340 /* Build configuration list for PBXNativeTarget "MemeMe" */ = {
			isa = XCConfigurationList;
			buildConfigurations = (
				43C033852552E572008C5340 /* Debug */,
				43C033862552E572008C5340 /* Release */,
			);
			defaultConfigurationIsVisible = 0;
			defaultConfigurationName = Release;
		};
/* End XCConfigurationList section */
	};
	rootObject = 43C033682552E571008C5340 /* Project object */;
}
